// !$*UTF8*$!
{
	archiveVersion = 1;
	classes = {
	};
	objectVersion = 46;
	objects = {

/* Begin PBXBuildFile section */
		DC5FE7C61ACAE68D002270FB /* MenuStatsCollectionViewController.m in Sources */ = {isa = PBXBuildFile; fileRef = DC5FE7C51ACAE68D002270FB /* MenuStatsCollectionViewController.m */; };
		DC5FE7C91ACAE6AE002270FB /* MenuStatsCollectionViewCell.m in Sources */ = {isa = PBXBuildFile; fileRef = DC5FE7C81ACAE6AE002270FB /* MenuStatsCollectionViewCell.m */; };
		DC5FE7D01ACB3157002270FB /* KAProgressLabel.m in Sources */ = {isa = PBXBuildFile; fileRef = DC5FE7CD1ACB3157002270FB /* KAProgressLabel.m */; };
		DC5FE7D11ACB3157002270FB /* TPPropertyAnimation.m in Sources */ = {isa = PBXBuildFile; fileRef = DC5FE7CF1ACB3157002270FB /* TPPropertyAnimation.m */; };
		DC5FE7D41ACB61CC002270FB /* primer print.ttf in Resources */ = {isa = PBXBuildFile; fileRef = DC5FE7D31ACB61CC002270FB /* primer print.ttf */; };
		DC5FE7D71ACBA7F4002270FB /* OptionsView.m in Sources */ = {isa = PBXBuildFile; fileRef = DC5FE7D61ACBA7F4002270FB /* OptionsView.m */; };
		DC5FE7DC1ACBB3C0002270FB /* DiaryViewController.m in Sources */ = {isa = PBXBuildFile; fileRef = DC5FE7DB1ACBB3C0002270FB /* DiaryViewController.m */; };
		DC5FE7E21ACC53DA002270FB /* DiaryTableViewCell.m in Sources */ = {isa = PBXBuildFile; fileRef = DC5FE7E11ACC53DA002270FB /* DiaryTableViewCell.m */; };
		DC5FE7EC1ACC5CC5002270FB /* SearchFoodTableViewController.m in Sources */ = {isa = PBXBuildFile; fileRef = DC5FE7EB1ACC5CC5002270FB /* SearchFoodTableViewController.m */; };
		DC5FE7EF1ACC5CDA002270FB /* FoodResultsTableViewController.m in Sources */ = {isa = PBXBuildFile; fileRef = DC5FE7EE1ACC5CDA002270FB /* FoodResultsTableViewController.m */; };
		DC5FE7F41ACC9126002270FB /* FoodObject.m in Sources */ = {isa = PBXBuildFile; fileRef = DC5FE7F31ACC9126002270FB /* FoodObject.m */; };
		DC5FE7F91ACC9169002270FB /* FXForms.m in Sources */ = {isa = PBXBuildFile; fileRef = DC5FE7F81ACC9169002270FB /* FXForms.m */; };
		DC5FE7FC1ACC9532002270FB /* CreateFoodViewController.m in Sources */ = {isa = PBXBuildFile; fileRef = DC5FE7FB1ACC9532002270FB /* CreateFoodViewController.m */; };
		DC624EE11AA95302001AF36C /* main.m in Sources */ = {isa = PBXBuildFile; fileRef = DC624EE01AA95302001AF36C /* main.m */; };
		DC624EE41AA95302001AF36C /* AppDelegate.m in Sources */ = {isa = PBXBuildFile; fileRef = DC624EE31AA95302001AF36C /* AppDelegate.m */; };
		DC624EFB1AA95302001AF36C /* My_Fit_DietTests.m in Sources */ = {isa = PBXBuildFile; fileRef = DC624EFA1AA95302001AF36C /* My_Fit_DietTests.m */; };
		DC6AC07E1AC8E97F00735106 /* LoginViewController.m in Sources */ = {isa = PBXBuildFile; fileRef = DC6AC07D1AC8E97F00735106 /* LoginViewController.m */; };
		DC9B7AB61ACCBE9000948AD0 /* AudioToolbox.framework in Frameworks */ = {isa = PBXBuildFile; fileRef = DC9B7AB51ACCBE9000948AD0 /* AudioToolbox.framework */; };
		DC9B7AB81ACCBE9600948AD0 /* CFNetwork.framework in Frameworks */ = {isa = PBXBuildFile; fileRef = DC9B7AB71ACCBE9600948AD0 /* CFNetwork.framework */; };
		DC9B7ABA1ACCBE9D00948AD0 /* CoreGraphics.framework in Frameworks */ = {isa = PBXBuildFile; fileRef = DC9B7AB91ACCBE9D00948AD0 /* CoreGraphics.framework */; };
		DC9B7ABC1ACCBEA400948AD0 /* CoreLocation.framework in Frameworks */ = {isa = PBXBuildFile; fileRef = DC9B7ABB1ACCBEA400948AD0 /* CoreLocation.framework */; };
		DC9B7ABE1ACCBEAB00948AD0 /* MobileCoreServices.framework in Frameworks */ = {isa = PBXBuildFile; fileRef = DC9B7ABD1ACCBEAB00948AD0 /* MobileCoreServices.framework */; };
		DC9B7AC01ACCBEB200948AD0 /* QuartzCore.framework in Frameworks */ = {isa = PBXBuildFile; fileRef = DC9B7ABF1ACCBEB200948AD0 /* QuartzCore.framework */; };
		DC9B7AC21ACCBEBC00948AD0 /* Security.framework in Frameworks */ = {isa = PBXBuildFile; fileRef = DC9B7AC11ACCBEBC00948AD0 /* Security.framework */; };
		DC9B7AC61ACCBECB00948AD0 /* SystemConfiguration.framework in Frameworks */ = {isa = PBXBuildFile; fileRef = DC9B7AC51ACCBECB00948AD0 /* SystemConfiguration.framework */; };
		DC9B7AC81ACCBED500948AD0 /* libz.dylib in Frameworks */ = {isa = PBXBuildFile; fileRef = DC9B7AC71ACCBED500948AD0 /* libz.dylib */; };
		DC9B7ACA1ACCBEE000948AD0 /* libsqlite3.dylib in Frameworks */ = {isa = PBXBuildFile; fileRef = DC9B7AC91ACCBEE000948AD0 /* libsqlite3.dylib */; };
		DCC3342F1ACCE274000748A5 /* Bolts.framework in Frameworks */ = {isa = PBXBuildFile; fileRef = DCC3342D1ACCE274000748A5 /* Bolts.framework */; };
		DCC334301ACCE274000748A5 /* Parse.framework in Frameworks */ = {isa = PBXBuildFile; fileRef = DCC3342E1ACCE274000748A5 /* Parse.framework */; };
		DCC3343C1ACD9C13000748A5 /* Images.xcassets in Resources */ = {isa = PBXBuildFile; fileRef = DCC3343B1ACD9C13000748A5 /* Images.xcassets */; };
		DCC334401ACDA180000748A5 /* FBSDKCoreKit.framework in Frameworks */ = {isa = PBXBuildFile; fileRef = DCC3343D1ACDA180000748A5 /* FBSDKCoreKit.framework */; };
		DCC334411ACDA180000748A5 /* FBSDKLoginKit.framework in Frameworks */ = {isa = PBXBuildFile; fileRef = DCC3343E1ACDA180000748A5 /* FBSDKLoginKit.framework */; };
		DCC334421ACDA180000748A5 /* FBSDKShareKit.framework in Frameworks */ = {isa = PBXBuildFile; fileRef = DCC3343F1ACDA180000748A5 /* FBSDKShareKit.framework */; };
		DCC334461ACDE4B7000748A5 /* UserObject.m in Sources */ = {isa = PBXBuildFile; fileRef = DCC334451ACDE4B7000748A5 /* UserObject.m */; };
		DCC3344A1ACE20AA000748A5 /* UserProfileViewController.m in Sources */ = {isa = PBXBuildFile; fileRef = DCC334491ACE20AA000748A5 /* UserProfileViewController.m */; };
		DCC334501AD05667000748A5 /* AddFoodToDiaryViewController.m in Sources */ = {isa = PBXBuildFile; fileRef = DCC3344F1AD05667000748A5 /* AddFoodToDiaryViewController.m */; };
		DCC334551AD0793A000748A5 /* AddToFoodForm.m in Sources */ = {isa = PBXBuildFile; fileRef = DCC334541AD0793A000748A5 /* AddToFoodForm.m */; };
		DCC334591AD098F0000748A5 /* DiaryObject.m in Sources */ = {isa = PBXBuildFile; fileRef = DCC334581AD098F0000748A5 /* DiaryObject.m */; };
/* End PBXBuildFile section */

/* Begin PBXContainerItemProxy section */
		DC624EF51AA95302001AF36C /* PBXContainerItemProxy */ = {
			isa = PBXContainerItemProxy;
			containerPortal = DC624ED31AA95302001AF36C /* Project object */;
			proxyType = 1;
			remoteGlobalIDString = DC624EDA1AA95302001AF36C;
			remoteInfo = "My Fit Diet";
		};
/* End PBXContainerItemProxy section */

/* Begin PBXFileReference section */
		DC5FE7C41ACAE68D002270FB /* MenuStatsCollectionViewController.h */ = {isa = PBXFileReference; fileEncoding = 4; lastKnownFileType = sourcecode.c.h; path = MenuStatsCollectionViewController.h; sourceTree = "<group>"; };
		DC5FE7C51ACAE68D002270FB /* MenuStatsCollectionViewController.m */ = {isa = PBXFileReference; fileEncoding = 4; lastKnownFileType = sourcecode.c.objc; path = MenuStatsCollectionViewController.m; sourceTree = "<group>"; };
		DC5FE7C71ACAE6AE002270FB /* MenuStatsCollectionViewCell.h */ = {isa = PBXFileReference; fileEncoding = 4; lastKnownFileType = sourcecode.c.h; path = MenuStatsCollectionViewCell.h; sourceTree = "<group>"; };
		DC5FE7C81ACAE6AE002270FB /* MenuStatsCollectionViewCell.m */ = {isa = PBXFileReference; fileEncoding = 4; lastKnownFileType = sourcecode.c.objc; path = MenuStatsCollectionViewCell.m; sourceTree = "<group>"; };
		DC5FE7CC1ACB3157002270FB /* KAProgressLabel.h */ = {isa = PBXFileReference; fileEncoding = 4; lastKnownFileType = sourcecode.c.h; path = KAProgressLabel.h; sourceTree = "<group>"; };
		DC5FE7CD1ACB3157002270FB /* KAProgressLabel.m */ = {isa = PBXFileReference; fileEncoding = 4; lastKnownFileType = sourcecode.c.objc; path = KAProgressLabel.m; sourceTree = "<group>"; };
		DC5FE7CE1ACB3157002270FB /* TPPropertyAnimation.h */ = {isa = PBXFileReference; fileEncoding = 4; lastKnownFileType = sourcecode.c.h; path = TPPropertyAnimation.h; sourceTree = "<group>"; };
		DC5FE7CF1ACB3157002270FB /* TPPropertyAnimation.m */ = {isa = PBXFileReference; fileEncoding = 4; lastKnownFileType = sourcecode.c.objc; path = TPPropertyAnimation.m; sourceTree = "<group>"; };
		DC5FE7D31ACB61CC002270FB /* primer print.ttf */ = {isa = PBXFileReference; lastKnownFileType = file; path = "primer print.ttf"; sourceTree = "<group>"; };
		DC5FE7D51ACBA7F4002270FB /* OptionsView.h */ = {isa = PBXFileReference; fileEncoding = 4; lastKnownFileType = sourcecode.c.h; path = OptionsView.h; sourceTree = "<group>"; };
		DC5FE7D61ACBA7F4002270FB /* OptionsView.m */ = {isa = PBXFileReference; fileEncoding = 4; lastKnownFileType = sourcecode.c.objc; path = OptionsView.m; sourceTree = "<group>"; };
		DC5FE7DA1ACBB3C0002270FB /* DiaryViewController.h */ = {isa = PBXFileReference; fileEncoding = 4; lastKnownFileType = sourcecode.c.h; path = DiaryViewController.h; sourceTree = "<group>"; };
		DC5FE7DB1ACBB3C0002270FB /* DiaryViewController.m */ = {isa = PBXFileReference; fileEncoding = 4; lastKnownFileType = sourcecode.c.objc; path = DiaryViewController.m; sourceTree = "<group>"; };
		DC5FE7E01ACC53DA002270FB /* DiaryTableViewCell.h */ = {isa = PBXFileReference; fileEncoding = 4; lastKnownFileType = sourcecode.c.h; path = DiaryTableViewCell.h; sourceTree = "<group>"; };
		DC5FE7E11ACC53DA002270FB /* DiaryTableViewCell.m */ = {isa = PBXFileReference; fileEncoding = 4; lastKnownFileType = sourcecode.c.objc; path = DiaryTableViewCell.m; sourceTree = "<group>"; };
		DC5FE7EA1ACC5CC5002270FB /* SearchFoodTableViewController.h */ = {isa = PBXFileReference; fileEncoding = 4; lastKnownFileType = sourcecode.c.h; path = SearchFoodTableViewController.h; sourceTree = "<group>"; };
		DC5FE7EB1ACC5CC5002270FB /* SearchFoodTableViewController.m */ = {isa = PBXFileReference; fileEncoding = 4; lastKnownFileType = sourcecode.c.objc; path = SearchFoodTableViewController.m; sourceTree = "<group>"; };
		DC5FE7ED1ACC5CDA002270FB /* FoodResultsTableViewController.h */ = {isa = PBXFileReference; fileEncoding = 4; lastKnownFileType = sourcecode.c.h; path = FoodResultsTableViewController.h; sourceTree = "<group>"; };
		DC5FE7EE1ACC5CDA002270FB /* FoodResultsTableViewController.m */ = {isa = PBXFileReference; fileEncoding = 4; lastKnownFileType = sourcecode.c.objc; path = FoodResultsTableViewController.m; sourceTree = "<group>"; };
		DC5FE7F21ACC9126002270FB /* FoodObject.h */ = {isa = PBXFileReference; fileEncoding = 4; lastKnownFileType = sourcecode.c.h; path = FoodObject.h; sourceTree = "<group>"; };
		DC5FE7F31ACC9126002270FB /* FoodObject.m */ = {isa = PBXFileReference; fileEncoding = 4; lastKnownFileType = sourcecode.c.objc; path = FoodObject.m; sourceTree = "<group>"; };
		DC5FE7F71ACC9169002270FB /* FXForms.h */ = {isa = PBXFileReference; fileEncoding = 4; lastKnownFileType = sourcecode.c.h; path = FXForms.h; sourceTree = "<group>"; };
		DC5FE7F81ACC9169002270FB /* FXForms.m */ = {isa = PBXFileReference; fileEncoding = 4; lastKnownFileType = sourcecode.c.objc; path = FXForms.m; sourceTree = "<group>"; };
		DC5FE7FA1ACC9532002270FB /* CreateFoodViewController.h */ = {isa = PBXFileReference; fileEncoding = 4; lastKnownFileType = sourcecode.c.h; path = CreateFoodViewController.h; sourceTree = "<group>"; };
		DC5FE7FB1ACC9532002270FB /* CreateFoodViewController.m */ = {isa = PBXFileReference; fileEncoding = 4; lastKnownFileType = sourcecode.c.objc; path = CreateFoodViewController.m; sourceTree = "<group>"; };
		DC624EDB1AA95302001AF36C /* My Fit Diet.app */ = {isa = PBXFileReference; explicitFileType = wrapper.application; includeInIndex = 0; path = "My Fit Diet.app"; sourceTree = BUILT_PRODUCTS_DIR; };
		DC624EDF1AA95302001AF36C /* Info.plist */ = {isa = PBXFileReference; lastKnownFileType = text.plist.xml; path = Info.plist; sourceTree = "<group>"; };
		DC624EE01AA95302001AF36C /* main.m */ = {isa = PBXFileReference; lastKnownFileType = sourcecode.c.objc; path = main.m; sourceTree = "<group>"; };
		DC624EE21AA95302001AF36C /* AppDelegate.h */ = {isa = PBXFileReference; lastKnownFileType = sourcecode.c.h; path = AppDelegate.h; sourceTree = "<group>"; };
		DC624EE31AA95302001AF36C /* AppDelegate.m */ = {isa = PBXFileReference; lastKnownFileType = sourcecode.c.objc; path = AppDelegate.m; sourceTree = "<group>"; };
		DC624EF41AA95302001AF36C /* My Fit DietTests.xctest */ = {isa = PBXFileReference; explicitFileType = wrapper.cfbundle; includeInIndex = 0; path = "My Fit DietTests.xctest"; sourceTree = BUILT_PRODUCTS_DIR; };
		DC624EF91AA95302001AF36C /* Info.plist */ = {isa = PBXFileReference; lastKnownFileType = text.plist.xml; path = Info.plist; sourceTree = "<group>"; };
		DC624EFA1AA95302001AF36C /* My_Fit_DietTests.m */ = {isa = PBXFileReference; lastKnownFileType = sourcecode.c.objc; path = My_Fit_DietTests.m; sourceTree = "<group>"; };
		DC6AC07B1AC8E7E100735106 /* Constants.h */ = {isa = PBXFileReference; fileEncoding = 4; lastKnownFileType = sourcecode.c.h; path = Constants.h; sourceTree = "<group>"; };
		DC6AC07C1AC8E97F00735106 /* LoginViewController.h */ = {isa = PBXFileReference; fileEncoding = 4; lastKnownFileType = sourcecode.c.h; path = LoginViewController.h; sourceTree = "<group>"; };
		DC6AC07D1AC8E97F00735106 /* LoginViewController.m */ = {isa = PBXFileReference; fileEncoding = 4; lastKnownFileType = sourcecode.c.objc; path = LoginViewController.m; sourceTree = "<group>"; };
		DC9B7AB51ACCBE9000948AD0 /* AudioToolbox.framework */ = {isa = PBXFileReference; lastKnownFileType = wrapper.framework; name = AudioToolbox.framework; path = System/Library/Frameworks/AudioToolbox.framework; sourceTree = SDKROOT; };
		DC9B7AB71ACCBE9600948AD0 /* CFNetwork.framework */ = {isa = PBXFileReference; lastKnownFileType = wrapper.framework; name = CFNetwork.framework; path = System/Library/Frameworks/CFNetwork.framework; sourceTree = SDKROOT; };
		DC9B7AB91ACCBE9D00948AD0 /* CoreGraphics.framework */ = {isa = PBXFileReference; lastKnownFileType = wrapper.framework; name = CoreGraphics.framework; path = System/Library/Frameworks/CoreGraphics.framework; sourceTree = SDKROOT; };
		DC9B7ABB1ACCBEA400948AD0 /* CoreLocation.framework */ = {isa = PBXFileReference; lastKnownFileType = wrapper.framework; name = CoreLocation.framework; path = System/Library/Frameworks/CoreLocation.framework; sourceTree = SDKROOT; };
		DC9B7ABD1ACCBEAB00948AD0 /* MobileCoreServices.framework */ = {isa = PBXFileReference; lastKnownFileType = wrapper.framework; name = MobileCoreServices.framework; path = System/Library/Frameworks/MobileCoreServices.framework; sourceTree = SDKROOT; };
		DC9B7ABF1ACCBEB200948AD0 /* QuartzCore.framework */ = {isa = PBXFileReference; lastKnownFileType = wrapper.framework; name = QuartzCore.framework; path = System/Library/Frameworks/QuartzCore.framework; sourceTree = SDKROOT; };
		DC9B7AC11ACCBEBC00948AD0 /* Security.framework */ = {isa = PBXFileReference; lastKnownFileType = wrapper.framework; name = Security.framework; path = System/Library/Frameworks/Security.framework; sourceTree = SDKROOT; };
		DC9B7AC51ACCBECB00948AD0 /* SystemConfiguration.framework */ = {isa = PBXFileReference; lastKnownFileType = wrapper.framework; name = SystemConfiguration.framework; path = System/Library/Frameworks/SystemConfiguration.framework; sourceTree = SDKROOT; };
		DC9B7AC71ACCBED500948AD0 /* libz.dylib */ = {isa = PBXFileReference; lastKnownFileType = "compiled.mach-o.dylib"; name = libz.dylib; path = usr/lib/libz.dylib; sourceTree = SDKROOT; };
		DC9B7AC91ACCBEE000948AD0 /* libsqlite3.dylib */ = {isa = PBXFileReference; lastKnownFileType = "compiled.mach-o.dylib"; name = libsqlite3.dylib; path = usr/lib/libsqlite3.dylib; sourceTree = SDKROOT; };
		DCC3342D1ACCE274000748A5 /* Bolts.framework */ = {isa = PBXFileReference; lastKnownFileType = wrapper.framework; name = Bolts.framework; path = "../../../../parse-library-1/Bolts.framework"; sourceTree = "<group>"; };
		DCC3342E1ACCE274000748A5 /* Parse.framework */ = {isa = PBXFileReference; lastKnownFileType = wrapper.framework; name = Parse.framework; path = "../../../../parse-library-1/Parse.framework"; sourceTree = "<group>"; };
		DCC3343B1ACD9C13000748A5 /* Images.xcassets */ = {isa = PBXFileReference; lastKnownFileType = folder.assetcatalog; path = Images.xcassets; sourceTree = "<group>"; };
		DCC3343D1ACDA180000748A5 /* FBSDKCoreKit.framework */ = {isa = PBXFileReference; lastKnownFileType = wrapper.framework; path = FBSDKCoreKit.framework; sourceTree = "<group>"; };
		DCC3343E1ACDA180000748A5 /* FBSDKLoginKit.framework */ = {isa = PBXFileReference; lastKnownFileType = wrapper.framework; path = FBSDKLoginKit.framework; sourceTree = "<group>"; };
		DCC3343F1ACDA180000748A5 /* FBSDKShareKit.framework */ = {isa = PBXFileReference; lastKnownFileType = wrapper.framework; path = FBSDKShareKit.framework; sourceTree = "<group>"; };
		DCC334441ACDE4B7000748A5 /* UserObject.h */ = {isa = PBXFileReference; fileEncoding = 4; lastKnownFileType = sourcecode.c.h; path = UserObject.h; sourceTree = "<group>"; };
		DCC334451ACDE4B7000748A5 /* UserObject.m */ = {isa = PBXFileReference; fileEncoding = 4; lastKnownFileType = sourcecode.c.objc; path = UserObject.m; sourceTree = "<group>"; };
		DCC334481ACE20AA000748A5 /* UserProfileViewController.h */ = {isa = PBXFileReference; fileEncoding = 4; lastKnownFileType = sourcecode.c.h; path = UserProfileViewController.h; sourceTree = "<group>"; };
		DCC334491ACE20AA000748A5 /* UserProfileViewController.m */ = {isa = PBXFileReference; fileEncoding = 4; lastKnownFileType = sourcecode.c.objc; path = UserProfileViewController.m; sourceTree = "<group>"; };
		DCC3344E1AD05667000748A5 /* AddFoodToDiaryViewController.h */ = {isa = PBXFileReference; fileEncoding = 4; lastKnownFileType = sourcecode.c.h; path = AddFoodToDiaryViewController.h; sourceTree = "<group>"; };
		DCC3344F1AD05667000748A5 /* AddFoodToDiaryViewController.m */ = {isa = PBXFileReference; fileEncoding = 4; lastKnownFileType = sourcecode.c.objc; path = AddFoodToDiaryViewController.m; sourceTree = "<group>"; };
		DCC334531AD0793A000748A5 /* AddToFoodForm.h */ = {isa = PBXFileReference; fileEncoding = 4; lastKnownFileType = sourcecode.c.h; path = AddToFoodForm.h; sourceTree = "<group>"; };
		DCC334541AD0793A000748A5 /* AddToFoodForm.m */ = {isa = PBXFileReference; fileEncoding = 4; lastKnownFileType = sourcecode.c.objc; path = AddToFoodForm.m; sourceTree = "<group>"; };
		DCC334571AD098F0000748A5 /* DiaryObject.h */ = {isa = PBXFileReference; fileEncoding = 4; lastKnownFileType = sourcecode.c.h; path = DiaryObject.h; sourceTree = "<group>"; };
		DCC334581AD098F0000748A5 /* DiaryObject.m */ = {isa = PBXFileReference; fileEncoding = 4; lastKnownFileType = sourcecode.c.objc; path = DiaryObject.m; sourceTree = "<group>"; };
/* End PBXFileReference section */

/* Begin PBXFrameworksBuildPhase section */
		DC624ED81AA95302001AF36C /* Frameworks */ = {
			isa = PBXFrameworksBuildPhase;
			buildActionMask = 2147483647;
			files = (
				DC9B7ACA1ACCBEE000948AD0 /* libsqlite3.dylib in Frameworks */,
				DC9B7AC81ACCBED500948AD0 /* libz.dylib in Frameworks */,
				DCC334421ACDA180000748A5 /* FBSDKShareKit.framework in Frameworks */,
				DC9B7AC61ACCBECB00948AD0 /* SystemConfiguration.framework in Frameworks */,
				DC9B7AC21ACCBEBC00948AD0 /* Security.framework in Frameworks */,
				DCC334411ACDA180000748A5 /* FBSDKLoginKit.framework in Frameworks */,
				DC9B7AC01ACCBEB200948AD0 /* QuartzCore.framework in Frameworks */,
				DC9B7ABE1ACCBEAB00948AD0 /* MobileCoreServices.framework in Frameworks */,
				DC9B7ABC1ACCBEA400948AD0 /* CoreLocation.framework in Frameworks */,
				DC9B7ABA1ACCBE9D00948AD0 /* CoreGraphics.framework in Frameworks */,
				DCC334401ACDA180000748A5 /* FBSDKCoreKit.framework in Frameworks */,
				DCC3342F1ACCE274000748A5 /* Bolts.framework in Frameworks */,
				DC9B7AB81ACCBE9600948AD0 /* CFNetwork.framework in Frameworks */,
				DCC334301ACCE274000748A5 /* Parse.framework in Frameworks */,
				DC9B7AB61ACCBE9000948AD0 /* AudioToolbox.framework in Frameworks */,
			);
			runOnlyForDeploymentPostprocessing = 0;
		};
		DC624EF11AA95302001AF36C /* Frameworks */ = {
			isa = PBXFrameworksBuildPhase;
			buildActionMask = 2147483647;
			files = (
			);
			runOnlyForDeploymentPostprocessing = 0;
		};
/* End PBXFrameworksBuildPhase section */

/* Begin PBXGroup section */
		DC5FE7C21ACAD977002270FB /* Login */ = {
			isa = PBXGroup;
			children = (
				DC6AC07C1AC8E97F00735106 /* LoginViewController.h */,
				DC6AC07D1AC8E97F00735106 /* LoginViewController.m */,
			);
			name = Login;
			sourceTree = "<group>";
		};
		DC5FE7C31ACAD985002270FB /* Main Menu */ = {
			isa = PBXGroup;
			children = (
				DC5FE7C41ACAE68D002270FB /* MenuStatsCollectionViewController.h */,
				DC5FE7C51ACAE68D002270FB /* MenuStatsCollectionViewController.m */,
				DCC334471ACE1B84000748A5 /* User Profile */,
				DC5FE7CA1ACAE6B9002270FB /* Menu Stats */,
				DC5FE7D81ACBB38B002270FB /* Diary */,
			);
			name = "Main Menu";
			sourceTree = "<group>";
		};
		DC5FE7CA1ACAE6B9002270FB /* Menu Stats */ = {
			isa = PBXGroup;
			children = (
				DC5FE7C71ACAE6AE002270FB /* MenuStatsCollectionViewCell.h */,
				DC5FE7C81ACAE6AE002270FB /* MenuStatsCollectionViewCell.m */,
				DC5FE7D51ACBA7F4002270FB /* OptionsView.h */,
				DC5FE7D61ACBA7F4002270FB /* OptionsView.m */,
			);
			name = "Menu Stats";
			sourceTree = "<group>";
		};
		DC5FE7CB1ACB3157002270FB /* KAProgressLabel */ = {
			isa = PBXGroup;
			children = (
				DC5FE7CC1ACB3157002270FB /* KAProgressLabel.h */,
				DC5FE7CD1ACB3157002270FB /* KAProgressLabel.m */,
				DC5FE7CE1ACB3157002270FB /* TPPropertyAnimation.h */,
				DC5FE7CF1ACB3157002270FB /* TPPropertyAnimation.m */,
			);
			path = KAProgressLabel;
			sourceTree = "<group>";
		};
		DC5FE7D21ACB61A5002270FB /* Fonts */ = {
			isa = PBXGroup;
			children = (
				DC5FE7D31ACB61CC002270FB /* primer print.ttf */,
			);
			name = Fonts;
			sourceTree = "<group>";
		};
		DC5FE7D81ACBB38B002270FB /* Diary */ = {
			isa = PBXGroup;
			children = (
				DC5FE7DA1ACBB3C0002270FB /* DiaryViewController.h */,
				DC5FE7DB1ACBB3C0002270FB /* DiaryViewController.m */,
				DC5FE7E01ACC53DA002270FB /* DiaryTableViewCell.h */,
				DC5FE7E11ACC53DA002270FB /* DiaryTableViewCell.m */,
				DCC334521AD078DE000748A5 /* Diary Object */,
				DC5FE7E31ACC5C88002270FB /* Add Food */,
			);
			name = Diary;
			sourceTree = "<group>";
		};
		DC5FE7E31ACC5C88002270FB /* Add Food */ = {
			isa = PBXGroup;
			children = (
				DCC334561AD0793F000748A5 /* AddToForm */,
				DCC3344E1AD05667000748A5 /* AddFoodToDiaryViewController.h */,
				DCC3344F1AD05667000748A5 /* AddFoodToDiaryViewController.m */,
				DC5FE7F11ACC9100002270FB /* Food Creation */,
				DCC334511AD0569B000748A5 /* Search Food */,
			);
			name = "Add Food";
			sourceTree = "<group>";
		};
		DC5FE7F11ACC9100002270FB /* Food Creation */ = {
			isa = PBXGroup;
			children = (
				DC5FE7F21ACC9126002270FB /* FoodObject.h */,
				DC5FE7F31ACC9126002270FB /* FoodObject.m */,
				DC5FE7FA1ACC9532002270FB /* CreateFoodViewController.h */,
				DC5FE7FB1ACC9532002270FB /* CreateFoodViewController.m */,
			);
			name = "Food Creation";
			sourceTree = "<group>";
		};
		DC5FE7F61ACC9169002270FB /* FXForms */ = {
			isa = PBXGroup;
			children = (
				DC5FE7F71ACC9169002270FB /* FXForms.h */,
				DC5FE7F81ACC9169002270FB /* FXForms.m */,
			);
			path = FXForms;
			sourceTree = "<group>";
		};
		DC624ED21AA95302001AF36C = {
			isa = PBXGroup;
			children = (
				DC624EDD1AA95302001AF36C /* My Fit Diet */,
				DC624EF71AA95302001AF36C /* My Fit DietTests */,
				DC624EDC1AA95302001AF36C /* Products */,
				DC6AC0851AC8FDA200735106 /* Frameworks */,
			);
			sourceTree = "<group>";
		};
		DC624EDC1AA95302001AF36C /* Products */ = {
			isa = PBXGroup;
			children = (
				DC624EDB1AA95302001AF36C /* My Fit Diet.app */,
				DC624EF41AA95302001AF36C /* My Fit DietTests.xctest */,
			);
			name = Products;
			sourceTree = "<group>";
		};
		DC624EDD1AA95302001AF36C /* My Fit Diet */ = {
			isa = PBXGroup;
			children = (
				DC6AC07A1AC8E7D000735106 /* Libraries */,
				DC6AC0791AC8E7CA00735106 /* Constants */,
				DC624EE21AA95302001AF36C /* AppDelegate.h */,
				DC624EE31AA95302001AF36C /* AppDelegate.m */,
				DCC334431ACDE45A000748A5 /* User Object */,
				DC5FE7C21ACAD977002270FB /* Login */,
				DC5FE7C31ACAD985002270FB /* Main Menu */,
				DC5FE7D21ACB61A5002270FB /* Fonts */,
				DCC3343B1ACD9C13000748A5 /* Images.xcassets */,
				DC624EDE1AA95302001AF36C /* Supporting Files */,
			);
			path = "My Fit Diet";
			sourceTree = "<group>";
		};
		DC624EDE1AA95302001AF36C /* Supporting Files */ = {
			isa = PBXGroup;
			children = (
				DC624EDF1AA95302001AF36C /* Info.plist */,
				DC624EE01AA95302001AF36C /* main.m */,
			);
			name = "Supporting Files";
			sourceTree = "<group>";
		};
		DC624EF71AA95302001AF36C /* My Fit DietTests */ = {
			isa = PBXGroup;
			children = (
				DC624EFA1AA95302001AF36C /* My_Fit_DietTests.m */,
				DC624EF81AA95302001AF36C /* Supporting Files */,
			);
			path = "My Fit DietTests";
			sourceTree = "<group>";
		};
		DC624EF81AA95302001AF36C /* Supporting Files */ = {
			isa = PBXGroup;
			children = (
				DC624EF91AA95302001AF36C /* Info.plist */,
			);
			name = "Supporting Files";
			sourceTree = "<group>";
		};
		DC6AC0791AC8E7CA00735106 /* Constants */ = {
			isa = PBXGroup;
			children = (
				DC6AC07B1AC8E7E100735106 /* Constants.h */,
			);
			name = Constants;
			sourceTree = "<group>";
		};
		DC6AC07A1AC8E7D000735106 /* Libraries */ = {
			isa = PBXGroup;
			children = (
				DC5FE7F61ACC9169002270FB /* FXForms */,
				DC5FE7CB1ACB3157002270FB /* KAProgressLabel */,
			);
			name = Libraries;
			sourceTree = "<group>";
		};
		DC6AC0851AC8FDA200735106 /* Frameworks */ = {
			isa = PBXGroup;
			children = (
				DC9B7AC91ACCBEE000948AD0 /* libsqlite3.dylib */,
				DC9B7AC71ACCBED500948AD0 /* libz.dylib */,
				DCC3343D1ACDA180000748A5 /* FBSDKCoreKit.framework */,
				DCC3343E1ACDA180000748A5 /* FBSDKLoginKit.framework */,
				DCC3343F1ACDA180000748A5 /* FBSDKShareKit.framework */,
				DCC3342D1ACCE274000748A5 /* Bolts.framework */,
				DCC3342E1ACCE274000748A5 /* Parse.framework */,
				DC9B7AC51ACCBECB00948AD0 /* SystemConfiguration.framework */,
				DC9B7AC11ACCBEBC00948AD0 /* Security.framework */,
				DC9B7ABF1ACCBEB200948AD0 /* QuartzCore.framework */,
				DC9B7ABD1ACCBEAB00948AD0 /* MobileCoreServices.framework */,
				DC9B7ABB1ACCBEA400948AD0 /* CoreLocation.framework */,
				DC9B7AB91ACCBE9D00948AD0 /* CoreGraphics.framework */,
				DC9B7AB71ACCBE9600948AD0 /* CFNetwork.framework */,
				DC9B7AB51ACCBE9000948AD0 /* AudioToolbox.framework */,
			);
			name = Frameworks;
			path = "My Fit Diet";
			sourceTree = "<group>";
		};
		DCC334431ACDE45A000748A5 /* User Object */ = {
			isa = PBXGroup;
			children = (
				DCC334441ACDE4B7000748A5 /* UserObject.h */,
				DCC334451ACDE4B7000748A5 /* UserObject.m */,
			);
			name = "User Object";
			sourceTree = "<group>";
		};
		DCC334471ACE1B84000748A5 /* User Profile */ = {
			isa = PBXGroup;
			children = (
				DCC334481ACE20AA000748A5 /* UserProfileViewController.h */,
				DCC334491ACE20AA000748A5 /* UserProfileViewController.m */,
			);
			name = "User Profile";
			sourceTree = "<group>";
		};
		DCC334511AD0569B000748A5 /* Search Food */ = {
			isa = PBXGroup;
			children = (
				DC5FE7EA1ACC5CC5002270FB /* SearchFoodTableViewController.h */,
				DC5FE7EB1ACC5CC5002270FB /* SearchFoodTableViewController.m */,
				DC5FE7ED1ACC5CDA002270FB /* FoodResultsTableViewController.h */,
				DC5FE7EE1ACC5CDA002270FB /* FoodResultsTableViewController.m */,
			);
			name = "Search Food";
			sourceTree = "<group>";
		};
		DCC334521AD078DE000748A5 /* Diary Object */ = {
			isa = PBXGroup;
			children = (
				DCC334571AD098F0000748A5 /* DiaryObject.h */,
				DCC334581AD098F0000748A5 /* DiaryObject.m */,
			);
			name = "Diary Object";
			sourceTree = "<group>";
		};
		DCC334561AD0793F000748A5 /* AddToForm */ = {
			isa = PBXGroup;
			children = (
				DCC334531AD0793A000748A5 /* AddToFoodForm.h */,
				DCC334541AD0793A000748A5 /* AddToFoodForm.m */,
			);
			name = AddToForm;
			sourceTree = "<group>";
		};
/* End PBXGroup section */

/* Begin PBXNativeTarget section */
		DC624EDA1AA95302001AF36C /* My Fit Diet */ = {
			isa = PBXNativeTarget;
			buildConfigurationList = DC624EFE1AA95302001AF36C /* Build configuration list for PBXNativeTarget "My Fit Diet" */;
			buildPhases = (
				DC624ED71AA95302001AF36C /* Sources */,
				DC624ED81AA95302001AF36C /* Frameworks */,
				DC624ED91AA95302001AF36C /* Resources */,
			);
			buildRules = (
			);
			dependencies = (
			);
			name = "My Fit Diet";
			productName = "My Fit Diet";
			productReference = DC624EDB1AA95302001AF36C /* My Fit Diet.app */;
			productType = "com.apple.product-type.application";
		};
		DC624EF31AA95302001AF36C /* My Fit DietTests */ = {
			isa = PBXNativeTarget;
			buildConfigurationList = DC624F011AA95302001AF36C /* Build configuration list for PBXNativeTarget "My Fit DietTests" */;
			buildPhases = (
				DC624EF01AA95302001AF36C /* Sources */,
				DC624EF11AA95302001AF36C /* Frameworks */,
				DC624EF21AA95302001AF36C /* Resources */,
			);
			buildRules = (
			);
			dependencies = (
				DC624EF61AA95302001AF36C /* PBXTargetDependency */,
			);
			name = "My Fit DietTests";
			productName = "My Fit DietTests";
			productReference = DC624EF41AA95302001AF36C /* My Fit DietTests.xctest */;
			productType = "com.apple.product-type.bundle.unit-test";
		};
/* End PBXNativeTarget section */

/* Begin PBXProject section */
		DC624ED31AA95302001AF36C /* Project object */ = {
			isa = PBXProject;
			attributes = {
				LastUpgradeCheck = 0610;
				ORGANIZATIONNAME = "Stephen Sowole";
				TargetAttributes = {
					DC624EDA1AA95302001AF36C = {
						CreatedOnToolsVersion = 6.1.1;
						DevelopmentTeam = 49MJRZBUY4;
						SystemCapabilities = {
							com.apple.InAppPurchase = {
								enabled = 0;
							};
						};
					};
					DC624EF31AA95302001AF36C = {
						CreatedOnToolsVersion = 6.1.1;
						TestTargetID = DC624EDA1AA95302001AF36C;
					};
				};
			};
			buildConfigurationList = DC624ED61AA95302001AF36C /* Build configuration list for PBXProject "My Fit Diet" */;
			compatibilityVersion = "Xcode 3.2";
			developmentRegion = English;
			hasScannedForEncodings = 0;
			knownRegions = (
				en,
				Base,
			);
			mainGroup = DC624ED21AA95302001AF36C;
			productRefGroup = DC624EDC1AA95302001AF36C /* Products */;
			projectDirPath = "";
			projectRoot = "";
			targets = (
				DC624EDA1AA95302001AF36C /* My Fit Diet */,
				DC624EF31AA95302001AF36C /* My Fit DietTests */,
			);
		};
/* End PBXProject section */

/* Begin PBXResourcesBuildPhase section */
		DC624ED91AA95302001AF36C /* Resources */ = {
			isa = PBXResourcesBuildPhase;
			buildActionMask = 2147483647;
			files = (
				DC5FE7D41ACB61CC002270FB /* primer print.ttf in Resources */,
				DCC3343C1ACD9C13000748A5 /* Images.xcassets in Resources */,
			);
			runOnlyForDeploymentPostprocessing = 0;
		};
		DC624EF21AA95302001AF36C /* Resources */ = {
			isa = PBXResourcesBuildPhase;
			buildActionMask = 2147483647;
			files = (
			);
			runOnlyForDeploymentPostprocessing = 0;
		};
/* End PBXResourcesBuildPhase section */

/* Begin PBXSourcesBuildPhase section */
		DC624ED71AA95302001AF36C /* Sources */ = {
			isa = PBXSourcesBuildPhase;
			buildActionMask = 2147483647;
			files = (
				DC624EE41AA95302001AF36C /* AppDelegate.m in Sources */,
				DCC334461ACDE4B7000748A5 /* UserObject.m in Sources */,
				DC5FE7C61ACAE68D002270FB /* MenuStatsCollectionViewController.m in Sources */,
				DCC3344A1ACE20AA000748A5 /* UserProfileViewController.m in Sources */,
				DC624EE11AA95302001AF36C /* main.m in Sources */,
				DC5FE7C91ACAE6AE002270FB /* MenuStatsCollectionViewCell.m in Sources */,
				DC5FE7EF1ACC5CDA002270FB /* FoodResultsTableViewController.m in Sources */,
				DC6AC07E1AC8E97F00735106 /* LoginViewController.m in Sources */,
				DCC334591AD098F0000748A5 /* DiaryObject.m in Sources */,
				DC5FE7FC1ACC9532002270FB /* CreateFoodViewController.m in Sources */,
				DC5FE7DC1ACBB3C0002270FB /* DiaryViewController.m in Sources */,
				DC5FE7D01ACB3157002270FB /* KAProgressLabel.m in Sources */,
				DCC334501AD05667000748A5 /* AddFoodToDiaryViewController.m in Sources */,
				DC5FE7D11ACB3157002270FB /* TPPropertyAnimation.m in Sources */,
				DC5FE7F91ACC9169002270FB /* FXForms.m in Sources */,
				DC5FE7EC1ACC5CC5002270FB /* SearchFoodTableViewController.m in Sources */,
				DC5FE7F41ACC9126002270FB /* FoodObject.m in Sources */,
				DC5FE7D71ACBA7F4002270FB /* OptionsView.m in Sources */,
				DC5FE7E21ACC53DA002270FB /* DiaryTableViewCell.m in Sources */,
				DCC334551AD0793A000748A5 /* AddToFoodForm.m in Sources */,
			);
			runOnlyForDeploymentPostprocessing = 0;
		};
		DC624EF01AA95302001AF36C /* Sources */ = {
			isa = PBXSourcesBuildPhase;
			buildActionMask = 2147483647;
			files = (
				DC624EFB1AA95302001AF36C /* My_Fit_DietTests.m in Sources */,
			);
			runOnlyForDeploymentPostprocessing = 0;
		};
/* End PBXSourcesBuildPhase section */

/* Begin PBXTargetDependency section */
		DC624EF61AA95302001AF36C /* PBXTargetDependency */ = {
			isa = PBXTargetDependency;
			target = DC624EDA1AA95302001AF36C /* My Fit Diet */;
			targetProxy = DC624EF51AA95302001AF36C /* PBXContainerItemProxy */;
		};
/* End PBXTargetDependency section */

/* Begin XCBuildConfiguration section */
		DC624EFC1AA95302001AF36C /* Debug */ = {
			isa = XCBuildConfiguration;
			buildSettings = {
				ALWAYS_SEARCH_USER_PATHS = NO;
				CLANG_CXX_LANGUAGE_STANDARD = "gnu++0x";
				CLANG_CXX_LIBRARY = "libc++";
				CLANG_ENABLE_MODULES = YES;
				CLANG_ENABLE_OBJC_ARC = YES;
				CLANG_WARN_BOOL_CONVERSION = YES;
				CLANG_WARN_CONSTANT_CONVERSION = YES;
				CLANG_WARN_DIRECT_OBJC_ISA_USAGE = YES_ERROR;
				CLANG_WARN_EMPTY_BODY = YES;
				CLANG_WARN_ENUM_CONVERSION = YES;
				CLANG_WARN_INT_CONVERSION = YES;
				CLANG_WARN_OBJC_ROOT_CLASS = YES_ERROR;
				CLANG_WARN_UNREACHABLE_CODE = YES;
				CLANG_WARN__DUPLICATE_METHOD_MATCH = YES;
				"CODE_SIGN_IDENTITY[sdk=iphoneos*]" = "iPhone Developer";
				COPY_PHASE_STRIP = NO;
				ENABLE_STRICT_OBJC_MSGSEND = YES;
				GCC_C_LANGUAGE_STANDARD = gnu99;
				GCC_DYNAMIC_NO_PIC = NO;
				GCC_OPTIMIZATION_LEVEL = 0;
				GCC_PREPROCESSOR_DEFINITIONS = (
					"DEBUG=1",
					"$(inherited)",
				);
				GCC_SYMBOLS_PRIVATE_EXTERN = NO;
				GCC_WARN_64_TO_32_BIT_CONVERSION = YES;
				GCC_WARN_ABOUT_RETURN_TYPE = YES_ERROR;
				GCC_WARN_UNDECLARED_SELECTOR = YES;
				GCC_WARN_UNINITIALIZED_AUTOS = YES_AGGRESSIVE;
				GCC_WARN_UNUSED_FUNCTION = YES;
				GCC_WARN_UNUSED_VARIABLE = YES;
				IPHONEOS_DEPLOYMENT_TARGET = 7.1;
				MTL_ENABLE_DEBUG_INFO = YES;
				ONLY_ACTIVE_ARCH = YES;
				SDKROOT = iphoneos;
			};
			name = Debug;
		};
		DC624EFD1AA95302001AF36C /* Release */ = {
			isa = XCBuildConfiguration;
			buildSettings = {
				ALWAYS_SEARCH_USER_PATHS = NO;
				CLANG_CXX_LANGUAGE_STANDARD = "gnu++0x";
				CLANG_CXX_LIBRARY = "libc++";
				CLANG_ENABLE_MODULES = YES;
				CLANG_ENABLE_OBJC_ARC = YES;
				CLANG_WARN_BOOL_CONVERSION = YES;
				CLANG_WARN_CONSTANT_CONVERSION = YES;
				CLANG_WARN_DIRECT_OBJC_ISA_USAGE = YES_ERROR;
				CLANG_WARN_EMPTY_BODY = YES;
				CLANG_WARN_ENUM_CONVERSION = YES;
				CLANG_WARN_INT_CONVERSION = YES;
				CLANG_WARN_OBJC_ROOT_CLASS = YES_ERROR;
				CLANG_WARN_UNREACHABLE_CODE = YES;
				CLANG_WARN__DUPLICATE_METHOD_MATCH = YES;
				"CODE_SIGN_IDENTITY[sdk=iphoneos*]" = "iPhone Developer";
				COPY_PHASE_STRIP = YES;
				ENABLE_NS_ASSERTIONS = NO;
				ENABLE_STRICT_OBJC_MSGSEND = YES;
				GCC_C_LANGUAGE_STANDARD = gnu99;
				GCC_WARN_64_TO_32_BIT_CONVERSION = YES;
				GCC_WARN_ABOUT_RETURN_TYPE = YES_ERROR;
				GCC_WARN_UNDECLARED_SELECTOR = YES;
				GCC_WARN_UNINITIALIZED_AUTOS = YES_AGGRESSIVE;
				GCC_WARN_UNUSED_FUNCTION = YES;
				GCC_WARN_UNUSED_VARIABLE = YES;
				IPHONEOS_DEPLOYMENT_TARGET = 7.1;
				MTL_ENABLE_DEBUG_INFO = NO;
				SDKROOT = iphoneos;
				VALIDATE_PRODUCT = YES;
			};
			name = Release;
		};
		DC624EFF1AA95302001AF36C /* Debug */ = {
			isa = XCBuildConfiguration;
			buildSettings = {
				ASSETCATALOG_COMPILER_APPICON_NAME = AppIcon;
				ASSETCATALOG_COMPILER_LAUNCHIMAGE_NAME = LaunchImage;
				CODE_SIGN_IDENTITY = "iPhone Developer";
				"CODE_SIGN_IDENTITY[sdk=iphoneos*]" = "iPhone Developer";
				FRAMEWORK_SEARCH_PATHS = (
					"/Users/Stephen/Desktop/parse-library-1",
					/Users/Stephen/Documents/FacebookSDK,
					"$(PROJECT_DIR)/My",
					Fit,
					Diet,
				);
				INFOPLIST_FILE = "My Fit Diet/Info.plist";
				IPHONEOS_DEPLOYMENT_TARGET = 7.1;
				LD_RUNPATH_SEARCH_PATHS = "$(inherited) @executable_path/Frameworks";
				PRODUCT_NAME = "$(TARGET_NAME)";
				PROVISIONING_PROFILE = "";
			};
			name = Debug;
		};
		DC624F001AA95302001AF36C /* Release */ = {
			isa = XCBuildConfiguration;
			buildSettings = {
				ASSETCATALOG_COMPILER_APPICON_NAME = AppIcon;
				ASSETCATALOG_COMPILER_LAUNCHIMAGE_NAME = LaunchImage;
				CODE_SIGN_IDENTITY = "iPhone Developer";
				"CODE_SIGN_IDENTITY[sdk=iphoneos*]" = "iPhone Developer";
				FRAMEWORK_SEARCH_PATHS = (
					"/Users/Stephen/Desktop/parse-library-1",
					/Users/Stephen/Documents/FacebookSDK,
					"$(PROJECT_DIR)/My",
					Fit,
					Diet,
				);
				INFOPLIST_FILE = "My Fit Diet/Info.plist";
				IPHONEOS_DEPLOYMENT_TARGET = 7.1;
				LD_RUNPATH_SEARCH_PATHS = "$(inherited) @executable_path/Frameworks";
				PRODUCT_NAME = "$(TARGET_NAME)";
				PROVISIONING_PROFILE = "";
			};
			name = Release;
		};
		DC624F021AA95302001AF36C /* Debug */ = {
			isa = XCBuildConfiguration;
			buildSettings = {
				BUNDLE_LOADER = "$(TEST_HOST)";
				FRAMEWORK_SEARCH_PATHS = (
					"$(SDKROOT)/Developer/Library/Frameworks",
					"$(inherited)",
				);
				GCC_PREPROCESSOR_DEFINITIONS = (
					"DEBUG=1",
					"$(inherited)",
				);
				INFOPLIST_FILE = "My Fit DietTests/Info.plist";
				LD_RUNPATH_SEARCH_PATHS = "$(inherited) @executable_path/Frameworks @loader_path/Frameworks";
				PRODUCT_NAME = "$(TARGET_NAME)";
				TEST_HOST = "$(BUILT_PRODUCTS_DIR)/My Fit Diet.app/My Fit Diet";
			};
			name = Debug;
		};
		DC624F031AA95302001AF36C /* Release */ = {
			isa = XCBuildConfiguration;
			buildSettings = {
				BUNDLE_LOADER = "$(TEST_HOST)";
				FRAMEWORK_SEARCH_PATHS = (
					"$(SDKROOT)/Developer/Library/Frameworks",
					"$(inherited)",
				);
				INFOPLIST_FILE = "My Fit DietTests/Info.plist";
				LD_RUNPATH_SEARCH_PATHS = "$(inherited) @executable_path/Frameworks @loader_path/Frameworks";
				PRODUCT_NAME = "$(TARGET_NAME)";
				TEST_HOST = "$(BUILT_PRODUCTS_DIR)/My Fit Diet.app/My Fit Diet";
			};
			name = Release;
		};
/* End XCBuildConfiguration section */

/* Begin XCConfigurationList section */
		DC624ED61AA95302001AF36C /* Build configuration list for PBXProject "My Fit Diet" */ = {
			isa = XCConfigurationList;
			buildConfigurations = (
				DC624EFC1AA95302001AF36C /* Debug */,
				DC624EFD1AA95302001AF36C /* Release */,
			);
			defaultConfigurationIsVisible = 0;
			defaultConfigurationName = Release;
		};
		DC624EFE1AA95302001AF36C /* Build configuration list for PBXNativeTarget "My Fit Diet" */ = {
			isa = XCConfigurationList;
			buildConfigurations = (
				DC624EFF1AA95302001AF36C /* Debug */,
				DC624F001AA95302001AF36C /* Release */,
			);
			defaultConfigurationIsVisible = 0;
			defaultConfigurationName = Release;
		};
		DC624F011AA95302001AF36C /* Build configuration list for PBXNativeTarget "My Fit DietTests" */ = {
			isa = XCConfigurationList;
			buildConfigurations = (
				DC624F021AA95302001AF36C /* Debug */,
				DC624F031AA95302001AF36C /* Release */,
			);
			defaultConfigurationIsVisible = 0;
			defaultConfigurationName = Release;
		};
/* End XCConfigurationList section */
	};
	rootObject = DC624ED31AA95302001AF36C /* Project object */;
}
